
Microsoft Visual Studio Solution File, Format Version 12.00
# Visual Studio Version 17
VisualStudioVersion = 17.0.31903.59
MinimumVisualStudioVersion = 10.0.40219.1
Project("{FAE04EC0-301F-11D3-BF4B-00C04F79EFBC}") = "WorkerService", "WorkerService\WorkerService.csproj", "{FFDE951B-DA3B-4EE7-BA4E-0ADDB2C8709E}"
EndProject
Project("{E53339B2-1760-4266-BCC7-CA923CBCF16C}") = "docker-compose", "docker-compose.dcproj", "{58656841-6109-4272-9A87-AB6E2B79FAB8}"
EndProject
Global
	GlobalSection(SolutionConfigurationPlatforms) = preSolution
		Debug|Any CPU = Debug|Any CPU
		Release|Any CPU = Release|Any CPU
	EndGlobalSection
	GlobalSection(ProjectConfigurationPlatforms) = postSolution
		{FFDE951B-DA3B-4EE7-BA4E-0ADDB2C8709E}.Debug|Any CPU.ActiveCfg = Debug|Any CPU
		{FFDE951B-DA3B-4EE7-BA4E-0ADDB2C8709E}.Debug|Any CPU.Build.0 = Debug|Any CPU
		{FFDE951B-DA3B-4EE7-BA4E-0ADDB2C8709E}.Release|Any CPU.ActiveCfg = Release|Any CPU
		{FFDE951B-DA3B-4EE7-BA4E-0ADDB2C8709E}.Release|Any CPU.Build.0 = Release|Any CPU
		{58656841-6109-4272-9A87-AB6E2B79FAB8}.Debug|Any CPU.ActiveCfg = Debug|Any CPU
		{58656841-6109-4272-9A87-AB6E2B79FAB8}.Debug|Any CPU.Build.0 = Debug|Any CPU
		{58656841-6109-4272-9A87-AB6E2B79FAB8}.Release|Any CPU.ActiveCfg = Release|Any CPU
		{58656841-6109-4272-9A87-AB6E2B79FAB8}.Release|Any CPU.Build.0 = Release|Any CPU
	EndGlobalSection
	GlobalSection(SolutionProperties) = preSolution
		HideSolutionNode = FALSE
	EndGlobalSection
	GlobalSection(ExtensibilityGlobals) = postSolution
		SolutionGuid = {5C332D46-16B0-4C77-B40D-6DBF78CD9595}
	EndGlobalSection
EndGlobal
